github.com/1set/gut v0.0.0-20201117175203-a82363231997 h1:za2jSkE1Rx56hTzBko3ZZ4gA/nq+rA/jVovWuAF4jyo=
github.com/1set/gut v0.0.0-20201117175203-a82363231997/go.mod h1:DpCCAL0dgBMQdiqPUIIRpdU9zNcIZwJjW+L/8Mb30mw=
github.com/Masterminds/semver/v3 v3.2.1 h1:RN9w6+7QoMeJVGyfmbcgs28Br8cvmnucEXnY0rYXWg0=
github.com/Masterminds/semver/v3 v3.2.1/go.mod h1:qvl/7zhW3nngYb5+80sSMF+FG2BjYrf8m9wsX0PNOMQ=
github.com/chzyer/logex v1.1.10 h1:Swpa1K6QvQznwJRcfTfQJmTE72DqScAa40E+fbHEXEE=
github.com/chzyer/logex v1.1.10/go.mod h1:+Ywpsq7O8HXn0nuIou7OrIPyXbp3wmkHB+jjWRnGsAI=
github.com/chzyer/logex v1.2.1/go.mod h1:JLbx6lG2kDbNRFnfkgvh4eRJRPX1QCoOIWomwysCBrQ=
github.com/chzyer/readline v0.0.0-20180603132655-2972be24d48e h1:fY5BOSpyZCqRo5OhCuC+XN+r/bBCmeuuJtjz+bCNIf8=
github.com/chzyer/readline v0.0.0-20180603132655-2972be24d48e/go.mod h1:nSuG5e5PlCu98SY8svDHJxuZscDgtXS6KTTbou5AhLI=
github.com/chzyer/readline v1.5.1 h1:upd/6fQk4src78LMRzh5vItIt361/o4uq553V8B5sGI=
github.com/chzyer/readline v1.5.1/go.mod h1:Eh+b79XXUwfKfcPLepksvw2tcLE/Ct21YObkaSkeBlk=
github.com/chzyer/test v0.0.0-20180213035817-a1ea475d72b1 h1:q763qf9huN11kDQavWsoZXJNW3xEE4JJyHa5Q25/sd8=
github.com/chzyer/test v0.0.0-20180213035817-a1ea475d72b1/go.mod h1:Q3SI9o4m/ZMnBNeIyt5eFwwo7qiLfzFZmjNmxjkiQlU=
github.com/chzyer/test v1.0.0/go.mod h1:2JlltgoNkt4TW/z9V/IzDdFaMTM2JPIi26O1pF38GC8=
github.com/cpuguy83/go-md2man/v2 v2.0.4/go.mod h1:tgQtvFlXSQOSOSIRvRPT7W67SCa46tRHOmNcaadrF8o=
github.com/davecgh/go-spew v1.1.0/go.mod h1:J7Y8YcW2NihsgmVo/mv3lAwl/skON4iLHjSsI+c5H38=
github.com/davecgh/go-spew v1.1.2-0.20180830191138-d8f796af33cc h1:U9qPSI2PIWSS1VwoXQT9A3Wy9MM3WgvqSxFWenqJduM=
github.com/davecgh/go-spew v1.1.2-0.20180830191138-d8f796af33cc/go.mod h1:J7Y8YcW2NihsgmVo/mv3lAwl/skON4iLHjSsI+c5H38=
github.com/dozer111/projectlinter-core v0.0.0-20240718100241-c7a2232a8260 h1:7yfwGiOMCG3xwKXsFQQO5yTqXgkZFCtL5IAF41Ou5Fg=
github.com/dozer111/projectlinter-core v0.0.0-20240718100241-c7a2232a8260/go.mod h1:hMJhVfQJyuG83y4wY3rFu/u46oz8ufMuOEeer7wcy+Y=
github.com/dozer111/projectlinter-core v1.0.0 h1:oY3wL+3SqsES68t7Cds3TXOyKsuAFKTMA81IBogdo9Q=
github.com/dozer111/projectlinter-core v1.0.0/go.mod h1:hMJhVfQJyuG83y4wY3rFu/u46oz8ufMuOEeer7wcy+Y=
github.com/dozer111/projectlinter-core/rules/dependency v0.0.0-20240718100241-c7a2232a8260 h1:lzxflfl67Yh40cpHw2D3Woqo8hhQ7zDc54Gx4XBzXNM=
github.com/dozer111/projectlinter-core/rules/dependency v0.0.0-20240718100241-c7a2232a8260/go.mod h1:teEAuqU+TTg5pRex9pvitJ2fc4r2tdOz5bcTy0QWqBs=
github.com/dozer111/projectlinter-core/rules/dependency v0.0.0-20240722171855-933f5cafa46d h1:RFh9iJXNxbhUTmsCbgVcCJly6tdGz9aabaKd3pfE0AA=
github.com/dozer111/projectlinter-core/rules/dependency v0.0.0-20240722171855-933f5cafa46d/go.mod h1:teEAuqU+TTg5pRex9pvitJ2fc4r2tdOz5bcTy0QWqBs=
github.com/dozer111/projectlinter-core/rules/dependency v1.0.0 h1:tUnbFVD3O05scwe6VBlFTx44eITGuRMTcL89IBWRYTw=
github.com/dozer111/projectlinter-core/rules/dependency v1.0.0/go.mod h1:teEAuqU+TTg5pRex9pvitJ2fc4r2tdOz5bcTy0QWqBs=
github.com/dozer111/projectlinter-core/rules/file v0.0.0-20240717143455-8100fb78465d h1:naJrGXrkIAkGZenIib6NfUGg2qTBQCrHhNglwx+O0A8=
github.com/dozer111/projectlinter-core/rules/file v0.0.0-20240717143455-8100fb78465d/go.mod h1:2n9JuBn6hRxvdqenbFCo8f1anVuSEMtB36NzV+D4jZ8=
github.com/dozer111/projectlinter-core/rules/file v0.0.0-20240722171855-933f5cafa46d h1:3/41CJEWL02+QKF+D5tq3dhWPnLBmcqzwmTQlh9MBHk=
github.com/dozer111/projectlinter-core/rules/file v0.0.0-20240722171855-933f5cafa46d/go.mod h1:2n9JuBn6hRxvdqenbFCo8f1anVuSEMtB36NzV+D4jZ8=
github.com/dozer111/projectlinter-core/rules/file v1.0.0 h1:fUNzgLtLUAx1LVauC71EhG8iAqsssT2dL8v4qbO0YU4=
github.com/dozer111/projectlinter-core/rules/file v1.0.0/go.mod h1:2n9JuBn6hRxvdqenbFCo8f1anVuSEMtB36NzV+D4jZ8=
github.com/dozer111/projectlinter-core/rules/golang/gomod v0.0.0-20240718100241-c7a2232a8260 h1:gXTxe8YK32DAmttsaycXzIQ730Mm8Rk9Kr11noc0U8c=
github.com/dozer111/projectlinter-core/rules/golang/gomod v0.0.0-20240718100241-c7a2232a8260/go.mod h1:qOoXn50TDfXZkTobco4b3aX8FlugO/zbMoKhmAsjeRQ=
github.com/dozer111/projectlinter-core/rules/golang/gomod v0.0.0-20240722171855-933f5cafa46d h1:Td0kfBtyYwHGdXt6/3xGvMD1XmDCdwH4AGACWIT063U=
github.com/dozer111/projectlinter-core/rules/golang/gomod v0.0.0-20240722171855-933f5cafa46d/go.mod h1:qOoXn50TDfXZkTobco4b3aX8FlugO/zbMoKhmAsjeRQ=
github.com/dozer111/projectlinter-core/rules/golang/gomod v1.0.0 h1:8CQBHw6YeCQV2kvH7oOz18naFNA7m3/uGdFJwAu8ZWA=
github.com/dozer111/projectlinter-core/rules/golang/gomod v1.0.0/go.mod h1:qOoXn50TDfXZkTobco4b3aX8FlugO/zbMoKhmAsjeRQ=
github.com/dozer111/projectlinter-core/rules/php/composer v0.0.0-20240718100241-c7a2232a8260 h1:6esiyzBIV8uEmTW2PAJGcVWa6uJYG1/mfeWhWIHuxdk=
github.com/dozer111/projectlinter-core/rules/php/composer v0.0.0-20240718100241-c7a2232a8260/go.mod h1:C5z4uqmDTnbhdT4b8a4RN9K7Zaxs2ocsGecRzZ3KwTM=
github.com/dozer111/projectlinter-core/rules/php/composer v0.0.0-20240722171855-933f5cafa46d h1:GFhr51hq5pDB7wYOfOQs6tiFuHwFOBrPZb0+woEwQ+w=
github.com/dozer111/projectlinter-core/rules/php/composer v0.0.0-20240722171855-933f5cafa46d/go.mod h1:C5z4uqmDTnbhdT4b8a4RN9K7Zaxs2ocsGecRzZ3KwTM=
github.com/dozer111/projectlinter-core/rules/php/composer v1.0.0 h1:n9JhgrknyfjUO5sSd7wmt2puRUgFQQMYxdkpT+fC+74=
github.com/dozer111/projectlinter-core/rules/php/composer v1.0.0/go.mod h1:C5z4uqmDTnbhdT4b8a4RN9K7Zaxs2ocsGecRzZ3KwTM=
github.com/google/go-cmp v0.6.0 h1:ofyhxvXcZhMsU5ulbFiLKl/XBFqE1GSq7atu8tAmTRI=
github.com/google/go-cmp v0.6.0/go.mod h1:17dUlkBOakJ0+DkrSSNjCkIjxS6bF9zb3elmeNGIjoY=
github.com/huandu/xstrings v1.5.0 h1:2ag3IFq9ZDANvthTwTiqSSZLjDc+BedvHPAp5tJy2TI=
github.com/huandu/xstrings v1.5.0/go.mod h1:y5/lhBue+AyNmUVz9RLU9xbLR0o4KIIExikq4ovT0aE=
github.com/inconshreveable/mousetrap v1.1.0 h1:wN+x4NVGpMsO7ErUn/mUI3vEoE6Jt13X2s0bqwp9tc8=
github.com/inconshreveable/mousetrap v1.1.0/go.mod h1:vpF70FUmC8bwa3OWnCshd2FqLfsEA9PFc4w1p2J65bw=
github.com/kr/pretty v0.3.1 h1:flRD4NNwYAUpkphVc1HcthR4KEIFJ65n8Mw5qdRn3LE=
github.com/kr/pretty v0.3.1/go.mod h1:hoEshYVHaxMs3cyo3Yncou5ZscifuDolrwPKZanG3xk=
github.com/kr/text v0.2.0 h1:5Nx0Ya0ZqY2ygV366QzturHI13Jq95ApcVaJBhpS+AY=
github.com/kr/text v0.2.0/go.mod h1:eLer722TekiGuMkidMxC/pM04lWEeraHUUmBw8l2grE=
github.com/manifoldco/promptui v0.9.0 h1:3V4HzJk1TtXW1MTZMP7mdlwbBpIinw3HztaIlYthEiA=
github.com/manifoldco/promptui v0.9.0/go.mod h1:ka04sppxSGFAtxX0qhlYQjISsg9mR4GWtQEhdbn6Pgg=
github.com/nsf/jsondiff v0.0.0-20230430225905-43f6cf3098c1 h1:dOYG7LS/WK00RWZc8XGgcUTlTxpp3mKhdR2Q9z9HbXM=
github.com/nsf/jsondiff v0.0.0-20230430225905-43f6cf3098c1/go.mod h1:mpRZBD8SJ55OIICQ3iWH0Yz3cjzA61JdqMLoWXeB2+8=
github.com/pmezard/go-difflib v1.0.0/go.mod h1:iKH77koFhYxTK1pcRnkKkqfTogsbg7gZNVY4sRDYZ/4=
github.com/pmezard/go-difflib v1.0.1-0.20181226105442-5d4384ee4fb2 h1:Jamvg5psRIccs7FGNTlIRMkT8wgtp5eCXdBlqhYGL6U=
github.com/pmezard/go-difflib v1.0.1-0.20181226105442-5d4384ee4fb2/go.mod h1:iKH77koFhYxTK1pcRnkKkqfTogsbg7gZNVY4sRDYZ/4=
github.com/rogpeppe/go-internal v1.12.0 h1:exVL4IDcn6na9z1rAb56Vxr+CgyK3nn3O+epU5NdKM8=
github.com/rogpeppe/go-internal v1.12.0/go.mod h1:E+RYuTGaKKdloAfM02xzb0FW3Paa99yedzYV+kq4uf4=
github.com/russross/blackfriday/v2 v2.1.0/go.mod h1:+Rmxgy9KzJVeS9/2gXHxylqXiyQDYRxCVz55jmeOWTM=
github.com/spf13/cobra v1.8.1 h1:e5/vxKd/rZsfSJMUX1agtjeTDf+qv1/JdBF8gg5k9ZM=
github.com/spf13/cobra v1.8.1/go.mod h1:wHxEcudfqmLYa8iTfL+OuZPbBZkmvliBWKIezN3kD9Y=
github.com/spf13/pflag v1.0.5 h1:iy+VFUOCP1a+8yFto/drg2CJ5u0yRoB7fZw3DKv/JXA=
github.com/spf13/pflag v1.0.5/go.mod h1:McXfInJRrz4CZXVZOBLb0bTZqETkiAhM9Iw0y3An2Bg=
github.com/stretchr/objx v0.1.0/go.mod h1:HFkY916IF+rwdDfMAkV7OtwuqBVzrE8GR6GFx+wExME=
github.com/stretchr/testify v1.3.0/go.mod h1:M5WIy9Dh21IEIfnGCwXGc5bZfKNJtfHm1UVUgZn+9EI=
github.com/stretchr/testify v1.9.0 h1:HtqpIVDClZ4nwg75+f6Lvsy/wHu+3BoSGCbBAcpTsTg=
github.com/stretchr/testify v1.9.0/go.mod h1:r2ic/lqez/lEtzL7wO/rwa5dbSLXVDPFyf8C91i36aY=
github.com/xeipuuv/gojsonpointer v0.0.0-20180127040702-4e3ac2762d5f/go.mod h1:N2zxlSyiKSe5eX1tZViRH5QA0qijqEDrYZiPEAiq3wU=
github.com/xeipuuv/gojsonpointer v0.0.0-20190905194746-02993c407bfb h1:zGWFAtiMcyryUHoUjUJX0/lt1H2+i2Ka2n+D3DImSNo=
github.com/xeipuuv/gojsonpointer v0.0.0-20190905194746-02993c407bfb/go.mod h1:N2zxlSyiKSe5eX1tZViRH5QA0qijqEDrYZiPEAiq3wU=
github.com/xeipuuv/gojsonreference v0.0.0-20180127040603-bd5ef7bd5415 h1:EzJWgHovont7NscjpAxXsDA8S8BMYve8Y5+7cuRE7R0=
github.com/xeipuuv/gojsonreference v0.0.0-20180127040603-bd5ef7bd5415/go.mod h1:GwrjFmJcFw6At/Gs6z4yjiIwzuJ1/+UwLxMQDVQXShQ=
github.com/xeipuuv/gojsonschema v1.2.0 h1:LhYJRs+L4fBtjZUfuSZIKGeVu0QRy8e5Xi7D17UxZ74=
github.com/xeipuuv/gojsonschema v1.2.0/go.mod h1:anYRn/JVcOK2ZgGU+IjEV4nwlhoK5sQluxsYJ78Id3Y=
github.com/zoumo/goset v0.2.0 h1:mflvfwZfKiayxR8/7fFBhvWHzhXU+aVP2nOzTEKVTfU=
github.com/zoumo/goset v0.2.0/go.mod h1:9N4gYaiVAbD/SytgmvFUlacbp1lSItmws1xNdzVslH4=
golang.org/x/mod v0.19.0 h1:fEdghXQSo20giMthA7cd28ZC+jts4amQ3YMXiP5oMQ8=
golang.org/x/mod v0.19.0/go.mod h1:hTbmBsO62+eylJbnUtE2MGJUyE7QWk4xUqPFrRgJ+7c=
golang.org/x/mod v0.20.0 h1:utOm6MM3R3dnawAiJgn0y+xvuYRsm1RKM/4giyfDgV0=
golang.org/x/mod v0.20.0/go.mod h1:hTbmBsO62+eylJbnUtE2MGJUyE7QWk4xUqPFrRgJ+7c=
golang.org/x/sys v0.0.0-20181122145206-62eef0e2fa9b/go.mod h1:STP8DvDyc/dI5b8T5hshtkjS+E42TnysNCUPdjciGhY=
golang.org/x/sys v0.0.0-20220310020820-b874c991c1a5/go.mod h1:oPkhp1MJrh7nUepCBck5+mAzfO9JrbApNNgaTdGDITg=
golang.org/x/sys v0.15.0 h1:h48lPFYpsTvQJZF4EKyI4aLHaev3CxivZmv7yZig9pc=
golang.org/x/sys v0.15.0/go.mod h1:/VUhepiaJMQUp4+oa/7Zr1D23ma6VTLIYjOOTFZPUcA=
golang.org/x/sys v0.23.0 h1:YfKFowiIMvtgl1UERQoTPPToxltDeZfbj4H7dVUCwmM=
golang.org/x/sys v0.23.0/go.mod h1:/VUhepiaJMQUp4+oa/7Zr1D23ma6VTLIYjOOTFZPUcA=
gopkg.in/check.v1 v0.0.0-20161208181325-20d25e280405/go.mod h1:Co6ibVJAznAaIkqp8huTwlJQCZ016jof/cbN4VW5Yz0=
gopkg.in/check.v1 v1.0.0-20201130134442-10cb98267c6c h1:Hei/4ADfdWqJk1ZMxUNpqntNwaWcugrBjAiHlqqRiVk=
gopkg.in/check.v1 v1.0.0-20201130134442-10cb98267c6c/go.mod h1:JHkPIbrfpd72SG/EVd6muEfDQjcINNoR0C8j2r3qZ4Q=
gopkg.in/yaml.v3 v3.0.1 h1:fxVm/GzAzEWqLHuvctI91KS9hhNmmWOoWu0XTYJS7CA=
gopkg.in/yaml.v3 v3.0.1/go.mod h1:K4uyk7z7BCEPqu6E+C64Yfv1cQ7kz7rIZviUmN+EgEM=
